PODS:
  - camera_avfoundation (0.0.1):
    - Flutter
  - DartCvIOS (4.12.0.0):
    - DartCvIOS/calib3d (= 4.12.0.0)
    - DartCvIOS/contrib (= 4.12.0.0)
    - DartCvIOS/core (= 4.12.0.0)
    - DartCvIOS/features2d (= 4.12.0.0)
    - DartCvIOS/imgproc (= 4.12.0.0)
    - DartCvIOS/objdetect (= 4.12.0.0)
    - DartCvIOS/photo (= 4.12.0.0)
    - DartCvIOS/stitching (= 4.12.0.0)
    - DartCvIOS/video (= 4.12.0.0)
  - DartCvIOS/calib3d (4.12.0.0):
    - DartCvIOS/core
  - DartCvIOS/contrib (4.12.0.0):
    - DartCvIOS/core
  - DartCvIOS/core (4.12.0.0)
  - DartCvIOS/dnn (4.12.0.0):
    - DartCvIOS/core
  - DartCvIOS/features2d (4.12.0.0):
    - DartCvIOS/core
  - DartCvIOS/imgproc (4.12.0.0):
    - DartCvIOS/core
  - DartCvIOS/objdetect (4.12.0.0):
    - DartCvIOS/core
  - DartCvIOS/photo (4.12.0.0):
    - DartCvIOS/core
  - DartCvIOS/stitching (4.12.0.0):
    - DartCvIOS/core
  - DartCvIOS/video (4.12.0.0):
    - DartCvIOS/core
  - DartCvIOS/videoio (4.12.0.0):
    - DartCvIOS/core
  - Flutter (1.0.0)
  - flutter_compass (0.0.1):
    - Flutter
  - geolocator_apple (1.2.0):
    - Flutter
    - FlutterMacOS
  - motion_core (0.0.1):
    - Flutter
  - opencv_dart (0.0.1):
    - DartCvIOS (= 4.12.0.0)
    - DartCvIOS/dnn (= 4.12.0.0)
    - DartCvIOS/videoio (= 4.12.0.0)
    - Flutter
  - package_info_plus (0.4.5):
    - Flutter
  - permission_handler_apple (9.3.0):
    - Flutter

DEPENDENCIES:
  - camera_avfoundation (from `.symlinks/plugins/camera_avfoundation/ios`)
  - Flutter (from `Flutter`)
  - flutter_compass (from `.symlinks/plugins/flutter_compass/ios`)
  - geolocator_apple (from `.symlinks/plugins/geolocator_apple/darwin`)
  - motion_core (from `.symlinks/plugins/motion_core/ios`)
  - opencv_dart (from `.symlinks/plugins/opencv_dart/ios`)
  - package_info_plus (from `.symlinks/plugins/package_info_plus/ios`)
  - permission_handler_apple (from `.symlinks/plugins/permission_handler_apple/ios`)

SPEC REPOS:
  trunk:
    - DartCvIOS

EXTERNAL SOURCES:
  camera_avfoundation:
    :path: ".symlinks/plugins/camera_avfoundation/ios"
  Flutter:
    :path: Flutter
  flutter_compass:
    :path: ".symlinks/plugins/flutter_compass/ios"
  geolocator_apple:
    :path: ".symlinks/plugins/geolocator_apple/darwin"
  motion_core:
    :path: ".symlinks/plugins/motion_core/ios"
  opencv_dart:
    :path: ".symlinks/plugins/opencv_dart/ios"
  package_info_plus:
    :path: ".symlinks/plugins/package_info_plus/ios"
  permission_handler_apple:
    :path: ".symlinks/plugins/permission_handler_apple/ios"

SPEC CHECKSUMS:
  camera_avfoundation: 5675ca25298b6f81fa0a325188e7df62cc217741
  DartCvIOS: 3b4638e0f24b5f48a25378815618b9f8c1e87ad4
  Flutter: cabc95a1d2626b1b06e7179b784ebcf0c0cde467
  flutter_compass: b236ab69b61545cce89fd58527f401a7587d5cc1
  geolocator_apple: ab36aa0e8b7d7a2d7639b3b4e48308394e8cef5e
  motion_core: e71743c521baff1e9214005ad875ad71cb8f8531
  opencv_dart: 8557f576f2b8cf40854d36601432406dec990788
  package_info_plus: af8e2ca6888548050f16fa2f1938db7b5a5df499
  permission_handler_apple: 4ed2196e43d0651e8ff7ca3483a069d469701f2d

PODFILE CHECKSUM: 4f1c12611da7338d21589c0b2ecd6bd20b109694

COCOAPODS: 1.16.2
